
Microsoft Visual Studio Solution File, Format Version 12.00
# Visual Studio Version 17
VisualStudioVersion = 17.9.34723.18
MinimumVisualStudioVersion = 10.0.40219.1
Project("{8BC9CEB8-8B4A-11D0-8D11-00A0C91BC942}") = "C语言课程设计", "C语言课程设计\C语言课程设计.vcxproj", "{8CA836DA-7C01-493E-96C6-60AD2F3F72EF}"
EndProject
Global
	GlobalSection(SolutionConfigurationPlatforms) = preSolution
		Debug|x64 = Debug|x64
		Debug|x86 = Debug|x86
		Release|x64 = Release|x64
		Release|x86 = Release|x86
	EndGlobalSection
	GlobalSection(ProjectConfigurationPlatforms) = postSolution
		{8CA836DA-7C01-493E-96C6-60AD2F3F72EF}.Debug|x64.ActiveCfg = Debug|x64
		{8CA836DA-7C01-493E-96C6-60AD2F3F72EF}.Debug|x64.Build.0 = Debug|x64
		{8CA836DA-7C01-493E-96C6-60AD2F3F72EF}.Debug|x86.ActiveCfg = Debug|Win32
		{8CA836DA-7C01-493E-96C6-60AD2F3F72EF}.Debug|x86.Build.0 = Debug|Win32
		{8CA836DA-7C01-493E-96C6-60AD2F3F72EF}.Release|x64.ActiveCfg = Release|x64
		{8CA836DA-7C01-493E-96C6-60AD2F3F72EF}.Release|x64.Build.0 = Release|x64
		{8CA836DA-7C01-493E-96C6-60AD2F3F72EF}.Release|x86.ActiveCfg = Release|Win32
		{8CA836DA-7C01-493E-96C6-60AD2F3F72EF}.Release|x86.Build.0 = Release|Win32
	EndGlobalSection
	GlobalSection(SolutionProperties) = preSolution
		HideSolutionNode = FALSE
	EndGlobalSection
	GlobalSection(ExtensibilityGlobals) = postSolution
		SolutionGuid = {82ED5C51-8D15-4EDE-9D7F-A1F312EE592F}
	EndGlobalSection
EndGlobal
